
Microsoft Visual Studio Solution File, Format Version 12.00
# Visual Studio Version 16
VisualStudioVersion = 16.0.32002.261
MinimumVisualStudioVersion = 10.0.40219.1
Project("{9A19103F-16F7-4668-BE54-9A1E7A4F7556}") = "FlashTyper-MVC", "FlashTyper-MVC\FlashTyper-MVC.csproj", "{9783F378-0D55-4CD5-B9A6-3F871E3CB83C}"
EndProject
Project("{FAE04EC0-301F-11D3-BF4B-00C04F79EFBC}") = "FlashTyperLibrary", "FlashTyperLibrary\FlashTyperLibrary.csproj", "{37A742B7-01A8-4BEF-BE2F-3115D5AF5D09}"
EndProject
Global
	GlobalSection(SolutionConfigurationPlatforms) = preSolution
		Debug|Any CPU = Debug|Any CPU
		Release|Any CPU = Release|Any CPU
	EndGlobalSection
	GlobalSection(ProjectConfigurationPlatforms) = postSolution
		{9783F378-0D55-4CD5-B9A6-3F871E3CB83C}.Debug|Any CPU.ActiveCfg = Debug|Any CPU
		{9783F378-0D55-4CD5-B9A6-3F871E3CB83C}.Debug|Any CPU.Build.0 = Debug|Any CPU
		{9783F378-0D55-4CD5-B9A6-3F871E3CB83C}.Release|Any CPU.ActiveCfg = Release|Any CPU
		{9783F378-0D55-4CD5-B9A6-3F871E3CB83C}.Release|Any CPU.Build.0 = Release|Any CPU
		{37A742B7-01A8-4BEF-BE2F-3115D5AF5D09}.Debug|Any CPU.ActiveCfg = Debug|Any CPU
		{37A742B7-01A8-4BEF-BE2F-3115D5AF5D09}.Debug|Any CPU.Build.0 = Debug|Any CPU
		{37A742B7-01A8-4BEF-BE2F-3115D5AF5D09}.Release|Any CPU.ActiveCfg = Release|Any CPU
		{37A742B7-01A8-4BEF-BE2F-3115D5AF5D09}.Release|Any CPU.Build.0 = Release|Any CPU
	EndGlobalSection
	GlobalSection(SolutionProperties) = preSolution
		HideSolutionNode = FALSE
	EndGlobalSection
	GlobalSection(ExtensibilityGlobals) = postSolution
		SolutionGuid = {0D73C0F0-9F3B-4D99-B8F3-80F7A4D8E730}
	EndGlobalSection
EndGlobal
